Microsoft Visual Studio Solution File, Format Version 12.00
# Visual Studio 2013
VisualStudioVersion = 12.0.31101.0
MinimumVisualStudioVersion = 10.0.40219.1
Project("{8BC9CEB8-8B4A-11D0-8D11-00A0C91BC942}") = "librclientappcommon", "Projects\librclientappcommon\librclientappcommon.vcxproj", "{0B3FEF32-296E-47C8-A9FD-AEA0CB675B45}"
EndProject
Project("{8BC9CEB8-8B4A-11D0-8D11-00A0C91BC942}") = "librclientcore", "Projects\librclientcore\librclientcore.vcxproj", "{043D004C-90EB-46D8-83C8-B277D10BF9B1}"
EndProject
Project("{8BC9CEB8-8B4A-11D0-8D11-00A0C91BC942}") = "libtaclientcommon", "Projects\libtaclientcommon\libtaclientcommon.vcxproj", "{FAB7B864-71D4-4D97-8311-4785361A6C86}"
EndProject
Project("{2150E333-8FDC-42A3-9474-1A3956D46DE8}") = "BL", "BL", "{1287CDB6-5B56-408D-B310-6DD4688D35AD}"
EndProject
Project("{2150E333-8FDC-42A3-9474-1A3956D46DE8}") = "Tests", "Tests", "{0A6AD9A3-0CFD-46D2-BB22-0DEFF72441DA}"
EndProject
Project("{2150E333-8FDC-42A3-9474-1A3956D46DE8}") = "Common", "Common", "{B3A4E472-9CE0-4510-815A-117B259B55C0}"
	ProjectSection(SolutionItems) = preProject
		app.windows.compatibility.manifest = app.windows.compatibility.manifest
		devstage = devstage
		version = version
	EndProjectSection
EndProject
Project("{2150E333-8FDC-42A3-9474-1A3956D46DE8}") = "App", "App", "{15A1E260-E0FD-4D8F-9DF7-E0C7D2990376}"
EndProject
Project("{2150E333-8FDC-42A3-9474-1A3956D46DE8}") = "Infra", "Infra", "{4B883831-C63E-4997-8992-AAE35441907A}"
EndProject
Project("{2150E333-8FDC-42A3-9474-1A3956D46DE8}") = "Installer", "Installer", "{A74DE356-526E-43EC-A686-FE4AE1030F3F}"
EndProject
Project("{8BC9CEB8-8B4A-11D0-8D11-00A0C91BC942}") = "ReseptBrokerService", "Projects\ReseptBrokerService\ReseptBrokerService.vcxproj", "{B8FB3799-5F05-4118-93E8-AD9FB0565D7D}"
EndProject
Project("{8BC9CEB8-8B4A-11D0-8D11-00A0C91BC942}") = "ReseptConfigManager", "Projects\ReseptConfigManager\ReseptConfigManager.vcxproj", "{121B4294-60C7-4986-9CB6-19DD3C5CA7DD}"
EndProject
Project("{8BC9CEB8-8B4A-11D0-8D11-00A0C91BC942}") = "ReseptConsoleClient", "Projects\ReseptConsoleClient\ReseptConsoleClient.vcxproj", "{8AFF0D6D-885A-4D04-B834-7F0DDA5F6E8C}"
EndProject
Project("{8BC9CEB8-8B4A-11D0-8D11-00A0C91BC942}") = "ReseptDesktopClient", "Projects\ReseptDesktopClient\ReseptDesktopClient.vcxproj", "{9700AF3C-3E24-4D44-916B-EB53C1DF28CA}"
EndProject
Project("{8BC9CEB8-8B4A-11D0-8D11-00A0C91BC942}") = "ReseptHwsigDump", "Projects\ReseptHwsigDump\ReseptHwsigDump.vcxproj", "{58BB7A90-6683-4F46-A5D6-46582D6886C5}"
EndProject
Project("{8BC9CEB8-8B4A-11D0-8D11-00A0C91BC942}") = "ReseptIeBroker", "Projects\ReseptIeBroker\ReseptIeBroker.vcxproj", "{AA0197CE-C982-4361-84D9-C62201FE5955}"
EndProject
Project("{8BC9CEB8-8B4A-11D0-8D11-00A0C91BC942}") = "ReseptIeClient", "Projects\ReseptIeClient\ReseptIeClient.vcxproj", "{FFDC753E-619D-4BAF-B797-96FFD9C24B42}"
EndProject
Project("{8BC9CEB8-8B4A-11D0-8D11-00A0C91BC942}") = "ReseptPrGenerator", "Projects\ReseptPrGenerator\ReseptPrGenerator.vcxproj", "{7634333C-B888-400A-A9EB-A42B247381B0}"
	ProjectSection(ProjectDependencies) = postProject
		{0B3FEF32-296E-47C8-A9FD-AEA0CB675B45} = {0B3FEF32-296E-47C8-A9FD-AEA0CB675B45}
		{FAB7B864-71D4-4D97-8311-4785361A6C86} = {FAB7B864-71D4-4D97-8311-4785361A6C86}
		{5FA53489-1939-43B3-9E47-5B8D02F2397A} = {5FA53489-1939-43B3-9E47-5B8D02F2397A}
	EndProjectSection
EndProject
Project("{8BC9CEB8-8B4A-11D0-8D11-00A0C91BC942}") = "ReseptResponseCalculator", "Projects\ReseptResponseCalculator\ReseptResponseCalculator.vcxproj", "{738FB3B3-3344-4E31-B8F9-C0B1B4D4D29A}"
EndProject
Project("{8BC9CEB8-8B4A-11D0-8D11-00A0C91BC942}") = "libreseptcommon", "..\Common\Projects\libreseptcommon\libreseptcommon.vcxproj", "{5FA53489-1939-43B3-9E47-5B8D02F2397A}"
EndProject
Project("{8BC9CEB8-8B4A-11D0-8D11-00A0C91BC942}") = "DependentLibDeployer", "Projects\DependentLibDeployer\DependentLibDeployer.vcxproj", "{815038D0-0519-4A67-A340-715B01119F17}"
EndProject
Project("{8BC9CEB8-8B4A-11D0-8D11-00A0C91BC942}") = "libtacommon", "..\SysInfra\Projects\libtacommon\libtacommon.vcxproj", "{10A0B8A7-7EE1-419F-8966-936AD59C2F9D}"
EndProject
Project("{8BC9CEB8-8B4A-11D0-8D11-00A0C91BC942}") = "libtalogger", "..\SysInfra\Projects\libtalogger\libtalogger.vcxproj", "{65CFC310-1979-4D39-9FC3-01C24556B33E}"
EndProject
Project("{8BC9CEB8-8B4A-11D0-8D11-00A0C91BC942}") = "tasysutils", "Projects\tasysutils\tasysutils.vcxproj", "{916F7B81-5965-43A8-9DFA-76DEE61B36AD}"
EndProject
Project("{8BC9CEB8-8B4A-11D0-8D11-00A0C91BC942}") = "ConfigUpdater", "Projects\ReseptInstaller\ConfigUpdater\ConfigUpdater.vcxproj", "{2422AED4-6323-4A46-9697-3666E64F3FC3}"
EndProject
Project("{8BC9CEB8-8B4A-11D0-8D11-00A0C91BC942}") = "ReseptClientInstaller", "Projects\ReseptInstaller\win\ReseptClientInstaller\ReseptClientInstaller.vcxproj", "{E4B78844-1CE6-4760-8D31-45B7E2EC1934}"
EndProject
Project("{8BC9CEB8-8B4A-11D0-8D11-00A0C91BC942}") = "IeUserExeRestarter", "Projects\ReseptInstaller\win\IeUserExeRestarter\IeUserExeRestarter.vcxproj", "{3DC14FD2-07E6-4222-A308-598C96AD0D90}"
EndProject
Project("{8BC9CEB8-8B4A-11D0-8D11-00A0C91BC942}") = "MessageBoxManager", "Projects\ReseptInstaller\win\MessageBoxManager\MessageBoxManager.vcxproj", "{C07F9B7F-7C77-47D4-AF80-E54D8CF03D16}"
EndProject
Project("{8BC9CEB8-8B4A-11D0-8D11-00A0C91BC942}") = "Sweeper", "Projects\ReseptInstaller\win\Sweeper\Sweeper.vcxproj", "{755683D2-2A55-4CE3-939F-219CF21F3C6A}"
EndProject
Project("{8BC9CEB8-8B4A-11D0-8D11-00A0C91BC942}") = "DependentTestLibDeployer", "TestProjects\DependentLibDeployer\DependentLibDeployer.vcxproj", "{815038D0-0519-4A67-A340-715B01119F18}"
EndProject
Project("{8BC9CEB8-8B4A-11D0-8D11-00A0C91BC942}") = "testlibrclientappcommon", "TestProjects\testlibrclientappcommon\testlibrclientappcommon.vcxproj", "{86BBF902-A50E-4C3D-964B-4D8E7CA7CF09}"
EndProject
Project("{8BC9CEB8-8B4A-11D0-8D11-00A0C91BC942}") = "testlibreseptcommon", "..\Common\TestProjects\testlibreseptcommon\testlibreseptcommon.vcxproj", "{48097C88-8371-4328-9D12-40E27D5539B1}"
EndProject
Project("{8BC9CEB8-8B4A-11D0-8D11-00A0C91BC942}") = "testlibtaclientcommon", "TestProjects\testlibtaclientcommon\testlibtaclientcommon.vcxproj", "{4F2BFAD0-F71F-4EC9-9569-B37760BFCCCC}"
EndProject
Project("{8BC9CEB8-8B4A-11D0-8D11-00A0C91BC942}") = "testlibrclientcore", "TestProjects\testlibrclientcore\testlibrclientcore.vcxproj", "{3C1458C6-1CC2-48D6-A2DC-8D97118B985A}"
EndProject
Project("{8BC9CEB8-8B4A-11D0-8D11-00A0C91BC942}") = "testlibtacommon", "..\SysInfra\TestProjects\testlibtacommon\testlibtacommon.vcxproj", "{78B0AC5F-D0EE-4F91-B4E3-C4EB4350B57C}"
EndProject
Project("{8BC9CEB8-8B4A-11D0-8D11-00A0C91BC942}") = "testReseptConsoleClient", "TestProjects\testReseptConsoleClient\testReseptConsoleClient.vcxproj", "{2C7024D6-8FA9-4C8B-A3F1-A04323AB8C37}"
EndProject
Project("{8BC9CEB8-8B4A-11D0-8D11-00A0C91BC942}") = "GenerateFiles", "Projects\GenerateFiles\GenerateFiles.vcxproj", "{16EF6888-2A6A-447E-9DFF-00F112A53FFF}"
EndProject
Project("{8BC9CEB8-8B4A-11D0-8D11-00A0C91BC942}") = "ReseptConfigTool", "Projects\ReseptConfigTool\ReseptConfigTool.vcxproj", "{C2EE048E-DBC1-4C13-A0B6-D183E2E107FD}"
EndProject
Global
	GlobalSection(SolutionConfigurationPlatforms) = preSolution
		Release|Win32 = Release|Win32
		ReleaseNoSign|Win32 = ReleaseNoSign|Win32
	EndGlobalSection
	GlobalSection(ProjectConfigurationPlatforms) = postSolution
		{0B3FEF32-296E-47C8-A9FD-AEA0CB675B45}.Release|Win32.ActiveCfg = Release|Win32
		{0B3FEF32-296E-47C8-A9FD-AEA0CB675B45}.Release|Win32.Build.0 = Release|Win32
		{0B3FEF32-296E-47C8-A9FD-AEA0CB675B45}.ReleaseNoSign|Win32.ActiveCfg = Release|Win32
		{0B3FEF32-296E-47C8-A9FD-AEA0CB675B45}.ReleaseNoSign|Win32.Build.0 = Release|Win32
		{043D004C-90EB-46D8-83C8-B277D10BF9B1}.Release|Win32.ActiveCfg = Release|Win32
		{043D004C-90EB-46D8-83C8-B277D10BF9B1}.Release|Win32.Build.0 = Release|Win32
		{043D004C-90EB-46D8-83C8-B277D10BF9B1}.ReleaseNoSign|Win32.ActiveCfg = Release|Win32
		{043D004C-90EB-46D8-83C8-B277D10BF9B1}.ReleaseNoSign|Win32.Build.0 = Release|Win32
		{FAB7B864-71D4-4D97-8311-4785361A6C86}.Release|Win32.ActiveCfg = Release|Win32
		{FAB7B864-71D4-4D97-8311-4785361A6C86}.Release|Win32.Build.0 = Release|Win32
		{FAB7B864-71D4-4D97-8311-4785361A6C86}.ReleaseNoSign|Win32.ActiveCfg = Release|Win32
		{FAB7B864-71D4-4D97-8311-4785361A6C86}.ReleaseNoSign|Win32.Build.0 = Release|Win32
		{B8FB3799-5F05-4118-93E8-AD9FB0565D7D}.Release|Win32.ActiveCfg = Release|Win32
		{B8FB3799-5F05-4118-93E8-AD9FB0565D7D}.Release|Win32.Build.0 = Release|Win32
		{B8FB3799-5F05-4118-93E8-AD9FB0565D7D}.ReleaseNoSign|Win32.ActiveCfg = Release|Win32
		{B8FB3799-5F05-4118-93E8-AD9FB0565D7D}.ReleaseNoSign|Win32.Build.0 = Release|Win32
		{121B4294-60C7-4986-9CB6-19DD3C5CA7DD}.Release|Win32.ActiveCfg = Release|Win32
		{121B4294-60C7-4986-9CB6-19DD3C5CA7DD}.Release|Win32.Build.0 = Release|Win32
		{121B4294-60C7-4986-9CB6-19DD3C5CA7DD}.ReleaseNoSign|Win32.ActiveCfg = Release|Win32
		{121B4294-60C7-4986-9CB6-19DD3C5CA7DD}.ReleaseNoSign|Win32.Build.0 = Release|Win32
		{8AFF0D6D-885A-4D04-B834-7F0DDA5F6E8C}.Release|Win32.ActiveCfg = Release|Win32
		{8AFF0D6D-885A-4D04-B834-7F0DDA5F6E8C}.Release|Win32.Build.0 = Release|Win32
		{8AFF0D6D-885A-4D04-B834-7F0DDA5F6E8C}.ReleaseNoSign|Win32.ActiveCfg = Release|Win32
		{8AFF0D6D-885A-4D04-B834-7F0DDA5F6E8C}.ReleaseNoSign|Win32.Build.0 = Release|Win32
		{9700AF3C-3E24-4D44-916B-EB53C1DF28CA}.Release|Win32.ActiveCfg = Release|Win32
		{9700AF3C-3E24-4D44-916B-EB53C1DF28CA}.Release|Win32.Build.0 = Release|Win32
		{9700AF3C-3E24-4D44-916B-EB53C1DF28CA}.ReleaseNoSign|Win32.ActiveCfg = Release|Win32
		{9700AF3C-3E24-4D44-916B-EB53C1DF28CA}.ReleaseNoSign|Win32.Build.0 = Release|Win32
		{58BB7A90-6683-4F46-A5D6-46582D6886C5}.Release|Win32.ActiveCfg = Release|Win32
		{58BB7A90-6683-4F46-A5D6-46582D6886C5}.Release|Win32.Build.0 = Release|Win32
		{58BB7A90-6683-4F46-A5D6-46582D6886C5}.ReleaseNoSign|Win32.ActiveCfg = Release|Win32
		{58BB7A90-6683-4F46-A5D6-46582D6886C5}.ReleaseNoSign|Win32.Build.0 = Release|Win32
		{AA0197CE-C982-4361-84D9-C62201FE5955}.Release|Win32.ActiveCfg = Release|Win32
		{AA0197CE-C982-4361-84D9-C62201FE5955}.Release|Win32.Build.0 = Release|Win32
		{AA0197CE-C982-4361-84D9-C62201FE5955}.ReleaseNoSign|Win32.ActiveCfg = Release|Win32
		{AA0197CE-C982-4361-84D9-C62201FE5955}.ReleaseNoSign|Win32.Build.0 = Release|Win32
		{FFDC753E-619D-4BAF-B797-96FFD9C24B42}.Release|Win32.ActiveCfg = Release|Win32
		{FFDC753E-619D-4BAF-B797-96FFD9C24B42}.Release|Win32.Build.0 = Release|Win32
		{FFDC753E-619D-4BAF-B797-96FFD9C24B42}.ReleaseNoSign|Win32.ActiveCfg = Release|Win32
		{FFDC753E-619D-4BAF-B797-96FFD9C24B42}.ReleaseNoSign|Win32.Build.0 = Release|Win32
		{7634333C-B888-400A-A9EB-A42B247381B0}.Release|Win32.ActiveCfg = Release|Win32
		{7634333C-B888-400A-A9EB-A42B247381B0}.Release|Win32.Build.0 = Release|Win32
		{7634333C-B888-400A-A9EB-A42B247381B0}.ReleaseNoSign|Win32.ActiveCfg = Release|Win32
		{7634333C-B888-400A-A9EB-A42B247381B0}.ReleaseNoSign|Win32.Build.0 = Release|Win32
		{738FB3B3-3344-4E31-B8F9-C0B1B4D4D29A}.Release|Win32.ActiveCfg = Release|Win32
		{738FB3B3-3344-4E31-B8F9-C0B1B4D4D29A}.Release|Win32.Build.0 = Release|Win32
		{738FB3B3-3344-4E31-B8F9-C0B1B4D4D29A}.ReleaseNoSign|Win32.ActiveCfg = Release|Win32
		{738FB3B3-3344-4E31-B8F9-C0B1B4D4D29A}.ReleaseNoSign|Win32.Build.0 = Release|Win32
		{5FA53489-1939-43B3-9E47-5B8D02F2397A}.Release|Win32.ActiveCfg = Release|Win32
		{5FA53489-1939-43B3-9E47-5B8D02F2397A}.Release|Win32.Build.0 = Release|Win32
		{5FA53489-1939-43B3-9E47-5B8D02F2397A}.ReleaseNoSign|Win32.ActiveCfg = Release|Win32
		{5FA53489-1939-43B3-9E47-5B8D02F2397A}.ReleaseNoSign|Win32.Build.0 = Release|Win32
		{815038D0-0519-4A67-A340-715B01119F17}.Release|Win32.ActiveCfg = Release|Win32
		{815038D0-0519-4A67-A340-715B01119F17}.Release|Win32.Build.0 = Release|Win32
		{815038D0-0519-4A67-A340-715B01119F17}.ReleaseNoSign|Win32.ActiveCfg = Release|Win32
		{815038D0-0519-4A67-A340-715B01119F17}.ReleaseNoSign|Win32.Build.0 = Release|Win32
		{10A0B8A7-7EE1-419F-8966-936AD59C2F9D}.Release|Win32.ActiveCfg = Release|Win32
		{10A0B8A7-7EE1-419F-8966-936AD59C2F9D}.Release|Win32.Build.0 = Release|Win32
		{10A0B8A7-7EE1-419F-8966-936AD59C2F9D}.ReleaseNoSign|Win32.ActiveCfg = Release|Win32
		{10A0B8A7-7EE1-419F-8966-936AD59C2F9D}.ReleaseNoSign|Win32.Build.0 = Release|Win32
		{65CFC310-1979-4D39-9FC3-01C24556B33E}.Release|Win32.ActiveCfg = Release|Win32
		{65CFC310-1979-4D39-9FC3-01C24556B33E}.Release|Win32.Build.0 = Release|Win32
		{65CFC310-1979-4D39-9FC3-01C24556B33E}.ReleaseNoSign|Win32.ActiveCfg = Release|Win32
		{65CFC310-1979-4D39-9FC3-01C24556B33E}.ReleaseNoSign|Win32.Build.0 = Release|Win32
		{916F7B81-5965-43A8-9DFA-76DEE61B36AD}.Release|Win32.ActiveCfg = Release|Win32
		{916F7B81-5965-43A8-9DFA-76DEE61B36AD}.Release|Win32.Build.0 = Release|Win32
		{916F7B81-5965-43A8-9DFA-76DEE61B36AD}.ReleaseNoSign|Win32.ActiveCfg = Release|Win32
		{916F7B81-5965-43A8-9DFA-76DEE61B36AD}.ReleaseNoSign|Win32.Build.0 = Release|Win32
		{2422AED4-6323-4A46-9697-3666E64F3FC3}.Release|Win32.ActiveCfg = Release|Win32
		{2422AED4-6323-4A46-9697-3666E64F3FC3}.Release|Win32.Build.0 = Release|Win32
		{2422AED4-6323-4A46-9697-3666E64F3FC3}.ReleaseNoSign|Win32.ActiveCfg = Release|Win32
		{2422AED4-6323-4A46-9697-3666E64F3FC3}.ReleaseNoSign|Win32.Build.0 = Release|Win32
		{E4B78844-1CE6-4760-8D31-45B7E2EC1934}.Release|Win32.ActiveCfg = Release|Win32
		{E4B78844-1CE6-4760-8D31-45B7E2EC1934}.Release|Win32.Build.0 = Release|Win32
		{E4B78844-1CE6-4760-8D31-45B7E2EC1934}.ReleaseNoSign|Win32.ActiveCfg = ReleaseNoSign|Win32
		{E4B78844-1CE6-4760-8D31-45B7E2EC1934}.ReleaseNoSign|Win32.Build.0 = ReleaseNoSign|Win32
		{3DC14FD2-07E6-4222-A308-598C96AD0D90}.Release|Win32.ActiveCfg = Release|Win32
		{3DC14FD2-07E6-4222-A308-598C96AD0D90}.Release|Win32.Build.0 = Release|Win32
		{3DC14FD2-07E6-4222-A308-598C96AD0D90}.ReleaseNoSign|Win32.ActiveCfg = Release|Win32
		{3DC14FD2-07E6-4222-A308-598C96AD0D90}.ReleaseNoSign|Win32.Build.0 = Release|Win32
		{C07F9B7F-7C77-47D4-AF80-E54D8CF03D16}.Release|Win32.ActiveCfg = Release|Win32
		{C07F9B7F-7C77-47D4-AF80-E54D8CF03D16}.Release|Win32.Build.0 = Release|Win32
		{C07F9B7F-7C77-47D4-AF80-E54D8CF03D16}.ReleaseNoSign|Win32.ActiveCfg = Release|Win32
		{C07F9B7F-7C77-47D4-AF80-E54D8CF03D16}.ReleaseNoSign|Win32.Build.0 = Release|Win32
		{755683D2-2A55-4CE3-939F-219CF21F3C6A}.Release|Win32.ActiveCfg = Release|Win32
		{755683D2-2A55-4CE3-939F-219CF21F3C6A}.Release|Win32.Build.0 = Release|Win32
		{755683D2-2A55-4CE3-939F-219CF21F3C6A}.ReleaseNoSign|Win32.ActiveCfg = Release|Win32
		{755683D2-2A55-4CE3-939F-219CF21F3C6A}.ReleaseNoSign|Win32.Build.0 = Release|Win32
		{815038D0-0519-4A67-A340-715B01119F18}.Release|Win32.ActiveCfg = Release|Win32
		{815038D0-0519-4A67-A340-715B01119F18}.Release|Win32.Build.0 = Release|Win32
		{815038D0-0519-4A67-A340-715B01119F18}.ReleaseNoSign|Win32.ActiveCfg = Release|Win32
		{815038D0-0519-4A67-A340-715B01119F18}.ReleaseNoSign|Win32.Build.0 = Release|Win32
		{86BBF902-A50E-4C3D-964B-4D8E7CA7CF09}.Release|Win32.ActiveCfg = Release|Win32
		{86BBF902-A50E-4C3D-964B-4D8E7CA7CF09}.Release|Win32.Build.0 = Release|Win32
		{86BBF902-A50E-4C3D-964B-4D8E7CA7CF09}.ReleaseNoSign|Win32.ActiveCfg = Release|Win32
		{86BBF902-A50E-4C3D-964B-4D8E7CA7CF09}.ReleaseNoSign|Win32.Build.0 = Release|Win32
		{48097C88-8371-4328-9D12-40E27D5539B1}.Release|Win32.ActiveCfg = Release|Win32
		{48097C88-8371-4328-9D12-40E27D5539B1}.Release|Win32.Build.0 = Release|Win32
		{48097C88-8371-4328-9D12-40E27D5539B1}.ReleaseNoSign|Win32.ActiveCfg = Release|Win32
		{48097C88-8371-4328-9D12-40E27D5539B1}.ReleaseNoSign|Win32.Build.0 = Release|Win32
		{4F2BFAD0-F71F-4EC9-9569-B37760BFCCCC}.Release|Win32.ActiveCfg = Release|Win32
		{4F2BFAD0-F71F-4EC9-9569-B37760BFCCCC}.Release|Win32.Build.0 = Release|Win32
		{4F2BFAD0-F71F-4EC9-9569-B37760BFCCCC}.ReleaseNoSign|Win32.ActiveCfg = Release|Win32
		{4F2BFAD0-F71F-4EC9-9569-B37760BFCCCC}.ReleaseNoSign|Win32.Build.0 = Release|Win32
		{3C1458C6-1CC2-48D6-A2DC-8D97118B985A}.Release|Win32.ActiveCfg = Release|Win32
		{3C1458C6-1CC2-48D6-A2DC-8D97118B985A}.Release|Win32.Build.0 = Release|Win32
		{3C1458C6-1CC2-48D6-A2DC-8D97118B985A}.ReleaseNoSign|Win32.ActiveCfg = Release|Win32
		{3C1458C6-1CC2-48D6-A2DC-8D97118B985A}.ReleaseNoSign|Win32.Build.0 = Release|Win32
		{78B0AC5F-D0EE-4F91-B4E3-C4EB4350B57C}.Release|Win32.ActiveCfg = Release|Win32
		{78B0AC5F-D0EE-4F91-B4E3-C4EB4350B57C}.Release|Win32.Build.0 = Release|Win32
		{78B0AC5F-D0EE-4F91-B4E3-C4EB4350B57C}.ReleaseNoSign|Win32.ActiveCfg = Release|Win32
		{78B0AC5F-D0EE-4F91-B4E3-C4EB4350B57C}.ReleaseNoSign|Win32.Build.0 = Release|Win32
		{2C7024D6-8FA9-4C8B-A3F1-A04323AB8C37}.Release|Win32.ActiveCfg = Release|Win32
		{2C7024D6-8FA9-4C8B-A3F1-A04323AB8C37}.Release|Win32.Build.0 = Release|Win32
		{2C7024D6-8FA9-4C8B-A3F1-A04323AB8C37}.ReleaseNoSign|Win32.ActiveCfg = Release|Win32
		{2C7024D6-8FA9-4C8B-A3F1-A04323AB8C37}.ReleaseNoSign|Win32.Build.0 = Release|Win32
		{16EF6888-2A6A-447E-9DFF-00F112A53FFF}.Release|Win32.ActiveCfg = Release|Win32
		{16EF6888-2A6A-447E-9DFF-00F112A53FFF}.Release|Win32.Build.0 = Release|Win32
		{16EF6888-2A6A-447E-9DFF-00F112A53FFF}.ReleaseNoSign|Win32.ActiveCfg = Release|Win32
		{16EF6888-2A6A-447E-9DFF-00F112A53FFF}.ReleaseNoSign|Win32.Build.0 = Release|Win32
		{C2EE048E-DBC1-4C13-A0B6-D183E2E107FD}.Release|Win32.ActiveCfg = Release|Win32
		{C2EE048E-DBC1-4C13-A0B6-D183E2E107FD}.Release|Win32.Build.0 = Release|Win32
		{C2EE048E-DBC1-4C13-A0B6-D183E2E107FD}.ReleaseNoSign|Win32.ActiveCfg = Release|Win32
		{C2EE048E-DBC1-4C13-A0B6-D183E2E107FD}.ReleaseNoSign|Win32.Build.0 = Release|Win32
	EndGlobalSection
	GlobalSection(SolutionProperties) = preSolution
		HideSolutionNode = FALSE
	EndGlobalSection
	GlobalSection(NestedProjects) = preSolution
		{0B3FEF32-296E-47C8-A9FD-AEA0CB675B45} = {15A1E260-E0FD-4D8F-9DF7-E0C7D2990376}
		{043D004C-90EB-46D8-83C8-B277D10BF9B1} = {1287CDB6-5B56-408D-B310-6DD4688D35AD}
		{FAB7B864-71D4-4D97-8311-4785361A6C86} = {4B883831-C63E-4997-8992-AAE35441907A}
		{B8FB3799-5F05-4118-93E8-AD9FB0565D7D} = {15A1E260-E0FD-4D8F-9DF7-E0C7D2990376}
		{121B4294-60C7-4986-9CB6-19DD3C5CA7DD} = {15A1E260-E0FD-4D8F-9DF7-E0C7D2990376}
		{8AFF0D6D-885A-4D04-B834-7F0DDA5F6E8C} = {15A1E260-E0FD-4D8F-9DF7-E0C7D2990376}
		{9700AF3C-3E24-4D44-916B-EB53C1DF28CA} = {15A1E260-E0FD-4D8F-9DF7-E0C7D2990376}
		{58BB7A90-6683-4F46-A5D6-46582D6886C5} = {15A1E260-E0FD-4D8F-9DF7-E0C7D2990376}
		{AA0197CE-C982-4361-84D9-C62201FE5955} = {15A1E260-E0FD-4D8F-9DF7-E0C7D2990376}
		{FFDC753E-619D-4BAF-B797-96FFD9C24B42} = {15A1E260-E0FD-4D8F-9DF7-E0C7D2990376}
		{7634333C-B888-400A-A9EB-A42B247381B0} = {15A1E260-E0FD-4D8F-9DF7-E0C7D2990376}
		{738FB3B3-3344-4E31-B8F9-C0B1B4D4D29A} = {15A1E260-E0FD-4D8F-9DF7-E0C7D2990376}
		{5FA53489-1939-43B3-9E47-5B8D02F2397A} = {1287CDB6-5B56-408D-B310-6DD4688D35AD}
		{815038D0-0519-4A67-A340-715B01119F17} = {B3A4E472-9CE0-4510-815A-117B259B55C0}
		{10A0B8A7-7EE1-419F-8966-936AD59C2F9D} = {4B883831-C63E-4997-8992-AAE35441907A}
		{65CFC310-1979-4D39-9FC3-01C24556B33E} = {4B883831-C63E-4997-8992-AAE35441907A}
		{916F7B81-5965-43A8-9DFA-76DEE61B36AD} = {4B883831-C63E-4997-8992-AAE35441907A}
		{2422AED4-6323-4A46-9697-3666E64F3FC3} = {A74DE356-526E-43EC-A686-FE4AE1030F3F}
		{E4B78844-1CE6-4760-8D31-45B7E2EC1934} = {A74DE356-526E-43EC-A686-FE4AE1030F3F}
		{3DC14FD2-07E6-4222-A308-598C96AD0D90} = {A74DE356-526E-43EC-A686-FE4AE1030F3F}
		{C07F9B7F-7C77-47D4-AF80-E54D8CF03D16} = {A74DE356-526E-43EC-A686-FE4AE1030F3F}
		{755683D2-2A55-4CE3-939F-219CF21F3C6A} = {A74DE356-526E-43EC-A686-FE4AE1030F3F}
		{815038D0-0519-4A67-A340-715B01119F18} = {0A6AD9A3-0CFD-46D2-BB22-0DEFF72441DA}
		{86BBF902-A50E-4C3D-964B-4D8E7CA7CF09} = {0A6AD9A3-0CFD-46D2-BB22-0DEFF72441DA}
		{48097C88-8371-4328-9D12-40E27D5539B1} = {0A6AD9A3-0CFD-46D2-BB22-0DEFF72441DA}
		{4F2BFAD0-F71F-4EC9-9569-B37760BFCCCC} = {0A6AD9A3-0CFD-46D2-BB22-0DEFF72441DA}
		{3C1458C6-1CC2-48D6-A2DC-8D97118B985A} = {0A6AD9A3-0CFD-46D2-BB22-0DEFF72441DA}
		{78B0AC5F-D0EE-4F91-B4E3-C4EB4350B57C} = {0A6AD9A3-0CFD-46D2-BB22-0DEFF72441DA}
		{2C7024D6-8FA9-4C8B-A3F1-A04323AB8C37} = {0A6AD9A3-0CFD-46D2-BB22-0DEFF72441DA}
		{16EF6888-2A6A-447E-9DFF-00F112A53FFF} = {B3A4E472-9CE0-4510-815A-117B259B55C0}
		{C2EE048E-DBC1-4C13-A0B6-D183E2E107FD} = {15A1E260-E0FD-4D8F-9DF7-E0C7D2990376}
	EndGlobalSection
EndGlobal
